github.com/davecgh/go-spew v1.1.0 h1:ZDRjVQ15GmhC3fiQ8ni8+OwkZQO4DARzQgrnXU1Liz8=
github.com/davecgh/go-spew v1.1.0/go.mod h1:J7Y8YcW2NihsgmVo/mv3lAwl/skON4iLHjSsI+c5H38=
github.com/gin-gonic/gin v0.0.0-20150309015120-e2fa89777e34 h1:ciz32aPJVEMlZcxCLA/1TvMLRgjzQIh6C5NF26ckv58=
github.com/gin-gonic/gin v0.0.0-20150309015120-e2fa89777e34/go.mod h1:7cKuhb5qV2ggCFctp2fJQ+ErvciLZrIeoOSOm6mUr7Y=
github.com/julienschmidt/httprouter v1.0.1-0.20150302021559-b428fda53bb0 h1:U0TJsHUyo9yZu0zURWG3m+2sEsPwHElXtgv/hQwDFe4=
github.com/julienschmidt/httprouter v1.0.1-0.20150302021559-b428fda53bb0/go.mod h1:SYymIcj16QtmaHHD7aYtjjsJG7VTCxuUUipMqKk8s4w=
github.com/karlseguin/expect v1.0.8 h1:Bb0H6IgBWQpadY25UDNkYPDB9ITqK1xnSoZfAq362fw=
github.com/karlseguin/expect v1.0.8/go.mod h1:lXdI8iGiQhmzpnnmU/EGA60vqKs8NbRNFnhhrJGoD5g=
github.com/karlseguin/typed v1.1.7 h1:R8JGxdS0PNWWPKnHg4zh/n8NDFTEa6oIUcxjrMO4c6w=
github.com/karlseguin/typed v1.1.7/go.mod h1:329jL66F7EH9O3xIBv2GAIFnMHIxH55NCQ78LUbZoJM=
github.com/mattn/go-colorable v0.0.6 h1:jGqlOoCjqVR4hfTO9H1qrR2xi0xZNYmX2T1xlw7P79c=
github.com/mattn/go-colorable v0.0.6/go.mod h1:9vuHe8Xs5qXnSaW/c/ABM9alt+Vo+STaOChaDxuIBZU=
github.com/mattn/go-isatty v0.0.0-20160806122752-66b8e73f3f5c h1:3nKFouDdpgGUV/uerJcYWH45ZbJzX0SiVWfTgmUeTzc=
github.com/mattn/go-isatty v0.0.0-20160806122752-66b8e73f3f5c/go.mod h1:M+lRXTBqGeGNdLjl/ufCoiOlB5xdOkqRJdNxMWT7Zi4=
github.com/pmezard/go-difflib v1.0.0 h1:4DBwDE0NGyQoBHbLQYPwSUPoCMWR5BEzIk/f1lZbAQM=
github.com/pmezard/go-difflib v1.0.0/go.mod h1:iKH77koFhYxTK1pcRnkKkqfTogsbg7gZNVY4sRDYZ/4=
github.com/stretchr/objx v0.1.0/go.mod h1:HFkY916IF+rwdDfMAkV7OtwuqBVzrE8GR6GFx+wExME=
github.com/stretchr/testify v1.7.0 h1:nwc3DEeHmmLAfoZucVR881uASk0Mfjw8xYJ99tb5CcY=
github.com/stretchr/testify v1.7.0/go.mod h1:6Fq8oRcR53rry900zMqJjRRixrwX3KX962/h/Wwjteg=
github.com/wsxiaoys/terminal v0.0.0-20160513160801-0940f3fc43a0 h1:3UeQBvD0TFrlVjOeLOBz+CPAI8dnbqNSVwUwRrkp7vQ=
github.com/wsxiaoys/terminal v0.0.0-20160513160801-0940f3fc43a0/go.mod h1:IXCdmsXIht47RaVFLEdVnh1t+pgYtTAhQGj73kz+2DM=
golang.org/x/sys v0.0.0-20160907145946-30de6d19a3bd h1:623bV31oLOV7UxfAiittr+7N1SmYu2sKBBQnm0dFJp4=
golang.org/x/sys v0.0.0-20160907145946-30de6d19a3bd/go.mod h1:STP8DvDyc/dI5b8T5hshtkjS+E42TnysNCUPdjciGhY=
gopkg.in/check.v1 v0.0.0-20161208181325-20d25e280405 h1:yhCVgyC4o1eVCa2tZl7eS0r+SDo693bJlVdllGtEeKM=
gopkg.in/check.v1 v0.0.0-20161208181325-20d25e280405/go.mod h1:Co6ibVJAznAaIkqp8huTwlJQCZ016jof/cbN4VW5Yz0=
gopkg.in/yaml.v3 v3.0.0-20200313102051-9f266ea9e77c h1:dUUwHk2QECo/6vqA44rthZ8ie2QXMNeKRTHCNY2nXvo=
gopkg.in/yaml.v3 v3.0.0-20200313102051-9f266ea9e77c/go.mod h1:K4uyk7z7BCEPqu6E+C64Yfv1cQ7kz7rIZviUmN+EgEM=
